
Microsoft Visual Studio Solution File, Format Version 12.00
# Visual Studio Version 16
VisualStudioVersion = 16.0.33801.447
MinimumVisualStudioVersion = 10.0.40219.1
Project("{FAE04EC0-301F-11D3-BF4B-00C04F79EFBC}") = "ServerEx", "ServerEx\ServerEx.csproj", "{00118BA2-EE81-438A-8F30-E581DD342AC2}"
EndProject
Project("{FAE04EC0-301F-11D3-BF4B-00C04F79EFBC}") = "ServerCoreEx", "ServerCoreEx\ServerCoreEx.csproj", "{2D9725B7-8F98-406F-A16C-E0E70E497781}"
EndProject
Project("{FAE04EC0-301F-11D3-BF4B-00C04F79EFBC}") = "DummyClientEx", "DummyClientEx\DummyClientEx.csproj", "{AE4A8C3D-A1C9-4BB1-8ED2-3C309A5CEDB5}"
EndProject
Global
	GlobalSection(SolutionConfigurationPlatforms) = preSolution
		Debug|Any CPU = Debug|Any CPU
		Release|Any CPU = Release|Any CPU
	EndGlobalSection
	GlobalSection(ProjectConfigurationPlatforms) = postSolution
		{00118BA2-EE81-438A-8F30-E581DD342AC2}.Debug|Any CPU.ActiveCfg = Debug|Any CPU
		{00118BA2-EE81-438A-8F30-E581DD342AC2}.Debug|Any CPU.Build.0 = Debug|Any CPU
		{00118BA2-EE81-438A-8F30-E581DD342AC2}.Release|Any CPU.ActiveCfg = Release|Any CPU
		{00118BA2-EE81-438A-8F30-E581DD342AC2}.Release|Any CPU.Build.0 = Release|Any CPU
		{2D9725B7-8F98-406F-A16C-E0E70E497781}.Debug|Any CPU.ActiveCfg = Debug|Any CPU
		{2D9725B7-8F98-406F-A16C-E0E70E497781}.Debug|Any CPU.Build.0 = Debug|Any CPU
		{2D9725B7-8F98-406F-A16C-E0E70E497781}.Release|Any CPU.ActiveCfg = Release|Any CPU
		{2D9725B7-8F98-406F-A16C-E0E70E497781}.Release|Any CPU.Build.0 = Release|Any CPU
		{AE4A8C3D-A1C9-4BB1-8ED2-3C309A5CEDB5}.Debug|Any CPU.ActiveCfg = Debug|Any CPU
		{AE4A8C3D-A1C9-4BB1-8ED2-3C309A5CEDB5}.Debug|Any CPU.Build.0 = Debug|Any CPU
		{AE4A8C3D-A1C9-4BB1-8ED2-3C309A5CEDB5}.Release|Any CPU.ActiveCfg = Release|Any CPU
		{AE4A8C3D-A1C9-4BB1-8ED2-3C309A5CEDB5}.Release|Any CPU.Build.0 = Release|Any CPU
	EndGlobalSection
	GlobalSection(SolutionProperties) = preSolution
		HideSolutionNode = FALSE
	EndGlobalSection
	GlobalSection(ExtensibilityGlobals) = postSolution
		SolutionGuid = {39EE39B5-6CAE-4AAA-913B-CD4199083ACF}
	EndGlobalSection
EndGlobal
